{
  "requires": true,
  "lockfileVersion": 1,
  "dependencies": {
    "@types/ldapjs": {
      "version": "1.0.10",
      "resolved": "https://registry.npmjs.org/@types/ldapjs/-/ldapjs-1.0.10.tgz",
      "integrity": "sha512-AMkMxkK/wjYtWebNH2O+rARfo7scBpW3T23g6zmGCwDgbyDbR79XWpcSqhPWdU+fChaF+I3dVyl9X2dT1CyI9w==",
      "requires": {
        "@types/node": "*"
      }
    },
    "@types/node": {
      "version": "15.6.1",
      "resolved": "https://registry.npmjs.org/@types/node/-/node-15.6.1.tgz",
      "integrity": "sha512-7EIraBEyRHEe7CH+Fm1XvgqU6uwZN8Q7jppJGcqjROMT29qhAuuOxYB1uEY5UMYQKEmA5D+5tBnhdaPXSsLONA=="
    },
    "abbrev": {
      "version": "1.1.1",
      "resolved": "https://registry.npmjs.org/abbrev/-/abbrev-1.1.1.tgz",
      "integrity": "sha512-nne9/IiQ/hzIhY6pdDnbBtz7DjPTKrY00P/zvPSm5pOFkl6xuGrGnXn/VtTNNfNtAfZ9/1RtehkszU9qcTii0Q=="
    },
    "abstract-logging": {
      "version": "2.0.1",
      "resolved": "https://registry.npmjs.org/abstract-logging/-/abstract-logging-2.0.1.tgz",
      "integrity": "sha512-2BjRTZxTPvheOvGbBslFSYOUkr+SjPtOnrLP33f+VIWLzezQpZcqVg7ja3L4dBXmzzgwT+a029jRx5PCi3JuiA=="
    },
    "asn1": {
      "version": "0.1.11",
      "resolved": "https://registry.npmjs.org/asn1/-/asn1-0.1.11.tgz",
      "integrity": "sha1-VZvhg3bQik7E2+gId9J4GGObLfc="
    },
    "assert-plus": {
      "version": "0.1.2",
      "resolved": "https://registry.npmjs.org/assert-plus/-/assert-plus-0.1.2.tgz",
      "integrity": "sha1-2T/9u2esVQd3m+MWp9ZRRkF77vg="
    },
    "backoff": {
      "version": "2.5.0",
      "resolved": "https://registry.npmjs.org/backoff/-/backoff-2.5.0.tgz",
      "integrity": "sha1-9hbtqdPktmuMp/ynn2lXIsX44m8=",
      "requires": {
        "precond": "0.2"
      }
    },
    "bcryptjs": {
      "version": "2.4.3",
      "resolved": "https://registry.npmjs.org/bcryptjs/-/bcryptjs-2.4.3.tgz",
      "integrity": "sha1-mrVie5PmBiH/fNrF2pczAn3x0Ms="
    },
    "bunyan": {
      "version": "0.18.2",
      "resolved": "https://registry.npmjs.org/bunyan/-/bunyan-0.18.2.tgz",
      "integrity": "sha1-yUsrt7BBMQaU3dtvGFEKNDRLskA=",
      "requires": {
        "dtrace-provider": "0.2.7",
        "mv": "0.0.4"
      },
      "dependencies": {
        "dtrace-provider": {
          "version": "0.2.7",
          "resolved": "https://registry.npmjs.org/dtrace-provider/-/dtrace-provider-0.2.7.tgz",
          "integrity": "sha1-2dlnf/MTA8IWR5qNyUZeoootDCk="
        }
      }
    },
    "core-util-is": {
      "version": "1.0.2",
      "resolved": "https://registry.npmjs.org/core-util-is/-/core-util-is-1.0.2.tgz",
      "integrity": "sha1-tf1UIgqivFq1eqtxQMlAdUUDwac="
    },
    "dtrace-provider": {
      "version": "0.2.8",
      "resolved": "https://registry.npmjs.org/dtrace-provider/-/dtrace-provider-0.2.8.tgz",
      "integrity": "sha1-4kPxkhmqlfvw2PL/sH9b1k6U/iA="
    },
    "extsprintf": {
      "version": "1.0.0",
      "resolved": "https://registry.npmjs.org/extsprintf/-/extsprintf-1.0.0.tgz",
      "integrity": "sha1-TVi4Fazlvr/E6/A8+YsKdgSpm4Y="
    },
    "json-schema": {
      "version": "0.2.2",
      "resolved": "https://registry.npmjs.org/json-schema/-/json-schema-0.2.2.tgz",
      "integrity": "sha1-UDVPGfYDkXxpX3C4Wvp3w7DyNQY="
    },
    "jsprim": {
      "version": "0.3.0",
      "resolved": "https://registry.npmjs.org/jsprim/-/jsprim-0.3.0.tgz",
      "integrity": "sha1-zRNGbqJIDb2DlqVw1H0x3aR2+LE=",
      "requires": {
        "extsprintf": "1.0.0",
        "json-schema": "0.2.2",
        "verror": "1.3.3"
      },
      "dependencies": {
        "verror": {
          "version": "1.3.3",
          "resolved": "https://registry.npmjs.org/verror/-/verror-1.3.3.tgz",
          "integrity": "sha1-impKw6jHdLb2h/7OSb3/14VS4s0=",
          "requires": {
            "extsprintf": "1.0.0"
          }
        }
      }
    },
    "ldap-filter": {
      "version": "0.3.3",
      "resolved": "https://registry.npmjs.org/ldap-filter/-/ldap-filter-0.3.3.tgz",
      "integrity": "sha1-KxTGiiqdQQTb28kQocqF/Riel5c=",
      "requires": {
        "assert-plus": "^1.0.0"
      },
      "dependencies": {
        "assert-plus": {
          "version": "1.0.0",
          "resolved": "https://registry.npmjs.org/assert-plus/-/assert-plus-1.0.0.tgz",
          "integrity": "sha1-8S4PPF13sLHN2RRpQuTpbB5N1SU="
        }
      }
    },
    "ldapauth-fork": {
      "version": "5.0.1",
      "resolved": "https://registry.npmjs.org/ldapauth-fork/-/ldapauth-fork-5.0.1.tgz",
      "integrity": "sha512-EdELQz8zgPruqV2y88PAuAiZCgTaMjex/kEA2PIcOlPYFt75C9QFt5HGZKVQo8Sf/3Mwnr1AtiThHKcq+pRtEg==",
      "requires": {
        "@types/ldapjs": "^1.0.9",
        "bcryptjs": "^2.4.0",
        "ldapjs": "^2.2.1",
        "lru-cache": "^6.0.0"
      }
    },
    "ldapjs": {
      "version": "2.3.0",
      "resolved": "https://registry.npmjs.org/ldapjs/-/ldapjs-2.3.0.tgz",
      "integrity": "sha512-3Rbm3CS7vzTccpP1QnzKCEPok60L/b3BFlWU8r93P5oadCAaqCWEH9Td08crPnw4Ti20W8y0+ZKtFFNzxVu4kA==",
      "requires": {
        "abstract-logging": "^2.0.0",
        "asn1": "^0.2.4",
        "assert-plus": "^1.0.0",
        "backoff": "^2.5.0",
        "ldap-filter": "^0.3.3",
        "once": "^1.4.0",
        "vasync": "^2.2.0",
        "verror": "^1.8.1"
      },
      "dependencies": {
        "asn1": {
          "version": "0.2.4",
          "resolved": "https://registry.npmjs.org/asn1/-/asn1-0.2.4.tgz",
          "integrity": "sha512-jxwzQpLQjSmWXgwaCZE9Nz+glAG01yF1QnWgbhGwHI5A6FRIEY6IVqtHhIepHqI7/kyEyQEagBC5mBEFlIYvdg==",
          "requires": {
            "safer-buffer": "~2.1.0"
          }
        },
        "assert-plus": {
          "version": "1.0.0",
          "resolved": "https://registry.npmjs.org/assert-plus/-/assert-plus-1.0.0.tgz",
          "integrity": "sha1-8S4PPF13sLHN2RRpQuTpbB5N1SU="
        },
        "extsprintf": {
          "version": "1.4.0",
          "resolved": "https://registry.npmjs.org/extsprintf/-/extsprintf-1.4.0.tgz",
          "integrity": "sha1-4mifjzVvrWLMplo6kcXfX5VRaS8="
        },
        "once": {
          "version": "1.4.0",
          "resolved": "https://registry.npmjs.org/once/-/once-1.4.0.tgz",
          "integrity": "sha1-WDsap3WWHUsROsF9nFC6753Xa9E=",
          "requires": {
            "wrappy": "1"
          }
        },
        "vasync": {
          "version": "2.2.0",
          "resolved": "https://registry.npmjs.org/vasync/-/vasync-2.2.0.tgz",
          "integrity": "sha1-z951GGChWCLbOxMrxZsRakra8Bs=",
          "requires": {
            "verror": "1.10.0"
          }
        },
        "verror": {
          "version": "1.10.0",
          "resolved": "https://registry.npmjs.org/verror/-/verror-1.10.0.tgz",
          "integrity": "sha1-OhBcoXBTr1XW4nDB+CiGguGNpAA=",
          "requires": {
            "assert-plus": "^1.0.0",
            "core-util-is": "1.0.2",
            "extsprintf": "^1.2.0"
          }
        }
      }
    },
    "lru-cache": {
      "version": "6.0.0",
      "resolved": "https://registry.npmjs.org/lru-cache/-/lru-cache-6.0.0.tgz",
      "integrity": "sha512-Jo6dJ04CmSjuznwJSS3pUeWmd/H0ffTlkXXgwZi+eq1UCmqQwCh+eLsYOYCwY991i2Fah4h1BEMCx4qThGbsiA==",
      "requires": {
        "yallist": "^4.0.0"
      }
    },
    "mv": {
      "version": "0.0.4",
      "resolved": "https://registry.npmjs.org/mv/-/mv-0.0.4.tgz",
      "integrity": "sha1-G5QdcAWwVTFkzZNGt325VUeUkBI="
    },
    "nopt": {
      "version": "2.1.1",
      "resolved": "https://registry.npmjs.org/nopt/-/nopt-2.1.1.tgz",
      "integrity": "sha1-ket8SwF+fACtytH9bWOUTQ/bdcE=",
      "requires": {
        "abbrev": "1"
      }
    },
    "once": {
      "version": "1.1.1",
      "resolved": "https://registry.npmjs.org/once/-/once-1.1.1.tgz",
      "integrity": "sha1-nbV0kzzLCMOnYU0VQDLAnqbzOec="
    },
    "passport": {
      "version": "0.4.1",
      "resolved": "https://registry.npmjs.org/passport/-/passport-0.4.1.tgz",
      "integrity": "sha512-IxXgZZs8d7uFSt3eqNjM9NQ3g3uQCW5avD8mRNoXV99Yig50vjuaez6dQK2qC0kVWPRTujxY0dWgGfT09adjYg==",
      "requires": {
        "passport-strategy": "1.x.x",
        "pause": "0.0.1"
      }
    },
    "passport-ldapauth": {
      "version": "3.0.1",
      "resolved": "https://registry.npmjs.org/passport-ldapauth/-/passport-ldapauth-3.0.1.tgz",
      "integrity": "sha512-TRRx3BHi8GC8MfCT9wmghjde/EGeKjll7zqHRRfGRxXbLcaDce2OftbQrFG7/AWaeFhR6zpZHtBQ/IkINdLVjQ==",
      "requires": {
        "ldapauth-fork": "^5.0.1",
        "passport-strategy": "^1.0.0"
      }
    },
    "passport-strategy": {
      "version": "1.0.0",
      "resolved": "https://registry.npmjs.org/passport-strategy/-/passport-strategy-1.0.0.tgz",
      "integrity": "sha1-tVOaqPwiWj0a0XlHbd8ja0QPUuQ="
    },
    "pause": {
      "version": "0.0.1",
      "resolved": "https://registry.npmjs.org/pause/-/pause-0.0.1.tgz",
      "integrity": "sha1-HUCLP9t2kjuVQ9lvtMnf1TXZy10="
    },
    "pkginfo": {
      "version": "0.2.3",
      "resolved": "https://registry.npmjs.org/pkginfo/-/pkginfo-0.2.3.tgz",
      "integrity": "sha1-cjnEKl72wwuPMoQ52bn/cQQkkPg="
    },
    "pooling": {
      "version": "0.4.1",
      "resolved": "https://registry.npmjs.org/pooling/-/pooling-0.4.1.tgz",
      "integrity": "sha1-myLIOyce1DqWt8U98044UuEvXx8=",
      "requires": {
        "assert-plus": "0.1.2",
        "bunyan": "0.18.2",
        "dtrace-provider": "0.2.8",
        "once": "1.1.1",
        "vasync": "1.3.3"
      }
    },
    "precond": {
      "version": "0.2.3",
      "resolved": "https://registry.npmjs.org/precond/-/precond-0.2.3.tgz",
      "integrity": "sha1-qpWRvKokkj8eD0hJ0kD0fvwQdaw="
    },
    "safer-buffer": {
      "version": "2.1.2",
      "resolved": "https://registry.npmjs.org/safer-buffer/-/safer-buffer-2.1.2.tgz",
      "integrity": "sha512-YZo3K82SD7Riyi0E1EQPojLz7kpepnSQI9IyPbHHg1XXXevb5dJI7tpyN2ADxGcQbHG7vcyRHk0cbwqcQriUtg=="
    },
    "vasync": {
      "version": "1.3.3",
      "resolved": "https://registry.npmjs.org/vasync/-/vasync-1.3.3.tgz",
      "integrity": "sha1-hJF2gHFwILZ+BDkC5jvBQxdMhyg=",
      "requires": {
        "jsprim": "0.3.0",
        "verror": "1.1.0"
      }
    },
    "verror": {
      "version": "1.1.0",
      "resolved": "https://registry.npmjs.org/verror/-/verror-1.1.0.tgz",
      "integrity": "sha1-KktOsUogcFHnWm+U7lExW/FzobA=",
      "requires": {
        "extsprintf": "1.0.0"
      }
    },
    "wrappy": {
      "version": "1.0.2",
      "resolved": "https://registry.npmjs.org/wrappy/-/wrappy-1.0.2.tgz",
      "integrity": "sha1-tSQ9jz7BqjXxNkYFvA0QNuMKtp8="
    },
    "yallist": {
      "version": "4.0.0",
      "resolved": "https://registry.npmjs.org/yallist/-/yallist-4.0.0.tgz",
      "integrity": "sha512-3wdGidZyq5PB084XLES5TpOSRA3wjXAlIWMhum2kRcv/41Sn2emQ0dycQW4uZXLejwKvg6EsvbdlVL+FYEct7A=="
    }
  }
}
